<?xml version="1.0" encoding="UTF-8" standalone="yes" ?>
<CodeBlocks_project_file>
	<FileVersion major="1" minor="6" />
	<Project>
		<Option title="Skyline2Linux" />
		<Option makefile="makefile" />
		<Option pch_mode="2" />
		<Option compiler="gcc" />
		<Build>
			<Target title="Debug">
				<Option output="../cbbuild/bin/skyline2d" prefix_auto="1" extension_auto="1" />
				<Option working_dir="../cbbuild/bin/" />
				<Option object_output="obj/Dynamic/Debug/" />
				<Option type="1" />
				<Option compiler="gcc" />
				<Option use_console_runner="0" />
				<Compiler>
					<Add option="-g" />
					<Add option="-DDEBUG" />
					<Add option="-DEAGLE_ASSERT_EXCEPTION" />
				</Compiler>
				<Linker>
					<Add option="-leagle_a5_debug" />
					<Add option="-leagle_debug" />
					<Add option="-lallegro_monolith-debug" />
				</Linker>
			</Target>
			<Target title="Release">
				<Option output="../cbbuild/bin/skyline2" prefix_auto="1" extension_auto="1" />
				<Option working_dir="../cbbuild/bin/" />
				<Option object_output="obj/Dynamic/Release/" />
				<Option type="0" />
				<Option compiler="gcc" />
				<Compiler>
					<Add option="-O2" />
				</Compiler>
				<Linker>
					<Add option="-s" />
					<Add option="-leagle_a5" />
					<Add option="-leagle" />
					<Add option="-lallegro_monolith" />
				</Linker>
			</Target>
			<Target title="StaticDebug">
				<Option output="../cbbuild/bin/skyline2ds" prefix_auto="1" extension_auto="1" />
				<Option working_dir="../cbbuild/bin/" />
				<Option object_output="obj/Static/Debug/" />
				<Option type="0" />
				<Option compiler="gcc" />
				<Compiler>
					<Add option="-g" />
					<Add option="-DALLEGRO_STATICLINK" />
					<Add option="-DDEBUG" />
					<Add option="-DEAGLE_ASSERT_EXCEPTION" />
				</Compiler>
				<Linker>
					<Add option="-static" />
					<Add option="-leagle_a5-debug-static" />
					<Add option="-leagle-debug-static" />
					<Add option="`pkg-config --static --libs allegro5_monolith-debug`" />
				</Linker>
			</Target>
			<Target title="StaticRelease">
				<Option output="../cbbuild/bin/skyline2s" prefix_auto="1" extension_auto="1" />
				<Option working_dir="../cbbuild/bin/" />
				<Option object_output="obj/Static/Release/" />
				<Option type="0" />
				<Option compiler="gcc" />
				<Compiler>
					<Add option="-O2" />
					<Add option="-DALLEGRO_STATICLINK" />
				</Compiler>
				<Linker>
					<Add option="-s" />
					<Add option="-static" />
					<Add option="-leagle_a5-static" />
					<Add option="-leagle-static" />
					<Add option="`pkg-config --static --libs allegro5_monolith`" />
				</Linker>
			</Target>
		</Build>
		<Compiler>
			<Add option="-Wall" />
			<Add directory="../include" />
			<Add directory="../Allegro5/include" />
		</Compiler>
		<Linker>
			<Add option="-lGL" />
			<Add option="-lGLU" />
			<Add directory="../cbbuild/lib" />
			<Add directory="../Allegro5/lib" />
			<Add directory="../cbbuild/bin" />
		</Linker>
		<Unit filename="Skyline_Notes.txt" />
		<Unit filename="cbbuild/bin/Data/Cities.txt" />
		<Unit filename="cbbuild/bin/Data/Config.txt" />
		<Unit filename="src/AI.cpp" />
		<Unit filename="src/AI.hpp" />
		<Unit filename="src/Blend.cpp" />
		<Unit filename="src/Blend.hpp" />
		<Unit filename="src/City.cpp" />
		<Unit filename="src/City.hpp" />
		<Unit filename="src/Config.hpp" />
		<Unit filename="src/Explosion.cpp" />
		<Unit filename="src/Explosion.hpp" />
		<Unit filename="src/Game.cpp" />
		<Unit filename="src/Game.hpp" />
		<Unit filename="src/Globals.cpp" />
		<Unit filename="src/Globals.hpp" />
		<Unit filename="src/Intro.cpp" />
		<Unit filename="src/Intro.hpp" />
		<Unit filename="src/Lasers.cpp" />
		<Unit filename="src/Lasers.hpp" />
		<Unit filename="src/Missiles.cpp" />
		<Unit filename="src/Missiles.hpp" />
		<Unit filename="src/NewConfig.cpp" />
		<Unit filename="src/NewConfig.hpp" />
		<Unit filename="src/NewMain.cpp" />
		<Unit filename="src/OldMain.cpp">
			<Option compile="0" />
			<Option link="0" />
		</Unit>
		<Unit filename="src/RNG.cpp" />
		<Unit filename="src/RNG.hpp" />
		<Unit filename="src/SettingsScreen.cpp">
			<Option compile="0" />
			<Option link="0" />
		</Unit>
		<Unit filename="src/SettingsScreen.hpp" />
		<Unit filename="src/SettingsWidget.cpp">
			<Option compile="0" />
			<Option link="0" />
		</Unit>
		<Unit filename="src/SettingsWidget.hpp" />
		<Unit filename="src/Shields.cpp" />
		<Unit filename="src/Shields.hpp" />
		<Unit filename="src/SoundLibrary.cpp" />
		<Unit filename="src/SoundLibrary.hpp" />
		<Unit filename="src/Utility.cpp" />
		<Unit filename="src/Utility.hpp" />
		<Extensions>
			<code_completion />
			<debugger />
			<envvars />
		</Extensions>
	</Project>
</CodeBlocks_project_file>
