<?xml version="1.0" encoding="UTF-8" standalone="yes" ?>
<CodeBlocks_project_file>
	<FileVersion major="1" minor="6" />
	<Project>
		<Option title="Skyline2" />
		<Option makefile="makefile" />
		<Option pch_mode="2" />
		<Option compiler="gcc" />
		<Build>
			<Target title="Debug">
				<Option output="cbbuild/bin/skyline2d" prefix_auto="1" extension_auto="1" />
				<Option object_output="obj/Dynamic/Debug/" />
				<Option type="0" />
				<Option compiler="gcc" />
				<Compiler>
					<Add option="-g" />
				</Compiler>
				<Linker>
					<Add option="-leagle4-debug.dll" />
					<Add option="-ljpgalleg-debug" />
					<Add option="-lloadpng-debug" />
					<Add option="-lpng16.dll" />
					<Add option="-lzlib.dll" />
					<Add option="-lalleg44-debug.dll" />
				</Linker>
			</Target>
			<Target title="Release">
				<Option output="cbbuild/bin/skyline2" prefix_auto="1" extension_auto="1" />
				<Option object_output="obj/Dynamic/Release/" />
				<Option type="0" />
				<Option compiler="gcc" />
				<Compiler>
					<Add option="-O2" />
				</Compiler>
				<Linker>
					<Add option="-s" />
					<Add option="-leagle4.dll" />
					<Add option="-ljpgalleg" />
					<Add option="-lloadpng" />
					<Add option="-lpng16.dll" />
					<Add option="-lzlib.dll" />
					<Add option="-lalleg44.dll" />
				</Linker>
			</Target>
			<Target title="StaticDebug">
				<Option output="cbbuild/bin/skyline2ds" prefix_auto="1" extension_auto="1" />
				<Option object_output="obj/Static/Debug/" />
				<Option type="0" />
				<Option compiler="gcc" />
				<Compiler>
					<Add option="-g" />
					<Add option="-DALLEGRO_STATICLINK" />
				</Compiler>
				<Linker>
					<Add option="-static-libstdc++" />
					<Add option="-static-libgcc" />
					<Add option="-leagle4-debug-static" />
					<Add option="-lalleggl" />
					<Add option="-ljpgalleg" />
					<Add option="-lloadpng" />
					<Add option="-llogg" />
					<Add option="-lalleg-debug-static" />
					<Add option="-lvorbis" />
					<Add option="-lvorbisenc" />
					<Add option="-lvorbisfile" />
					<Add option="-logg" />
					<Add option="-lpng16" />
					<Add option="-lzlibstatic" />
					<Add option="-lkernel32" />
					<Add option="-luser32" />
					<Add option="-lgdi32" />
					<Add option="-lcomdlg32" />
					<Add option="-lole32" />
					<Add option="-ldinput" />
					<Add option="-lddraw" />
					<Add option="-ldxguid" />
					<Add option="-lwinmm" />
					<Add option="-ldsound" />
				</Linker>
			</Target>
			<Target title="StaticRelease">
				<Option output="cbbuild/bin/skyline2s" prefix_auto="1" extension_auto="1" />
				<Option object_output="obj/Static/Release/" />
				<Option type="0" />
				<Option compiler="gcc" />
				<Compiler>
					<Add option="-O2" />
					<Add option="-DALLEGRO_STATICLINK" />
				</Compiler>
				<Linker>
					<Add option="-s" />
					<Add option="-static-libstdc++" />
					<Add option="-static-libgcc" />
					<Add option="-static" />
					<Add option="-leagle4-static" />
					<Add option="-lalleggl" />
					<Add option="-ljpgalleg" />
					<Add option="-lloadpng" />
					<Add option="-llogg" />
					<Add option="-lalleg" />
					<Add option="-lvorbis" />
					<Add option="-lvorbisenc" />
					<Add option="-lvorbisfile" />
					<Add option="-logg" />
					<Add option="-lpng16" />
					<Add option="-lzlibstatic" />
					<Add option="-lkernel32" />
					<Add option="-luser32" />
					<Add option="-lgdi32" />
					<Add option="-lcomdlg32" />
					<Add option="-lole32" />
					<Add option="-ldinput" />
					<Add option="-lddraw" />
					<Add option="-ldxguid" />
					<Add option="-lwinmm" />
					<Add option="-ldsound" />
				</Linker>
			</Target>
		</Build>
		<Compiler>
			<Add option="-Wall" />
			<Add directory="C:/ctwoplus/progcode/allegro/EagleClassic/include" />
			<Add directory="E:/LIBS/LIBS71Distro/Allegro443_MinGW71/include" />
		</Compiler>
		<Linker>
			<Add directory="C:/ctwoplus/progcode/allegro/EagleClassic/cbbuild/lib" />
			<Add directory="E:/LIBS/LIBS71Distro/Allegro443_MinGW71/lib" />
		</Linker>
		<Unit filename="Skyline_Notes.txt" />
		<Unit filename="cbbuild/bin/Data/Cities.txt" />
		<Unit filename="cbbuild/bin/Data/Config.txt" />
		<Unit filename="src/City.cpp" />
		<Unit filename="src/City.hpp" />
		<Unit filename="src/Config.cpp" />
		<Unit filename="src/Config.hpp" />
		<Unit filename="src/Game.cpp" />
		<Unit filename="src/Game.hpp" />
		<Unit filename="src/Intro.cpp" />
		<Unit filename="src/Intro.hpp" />
		<Unit filename="src/Main.cpp" />
		<Unit filename="src/Missiles.cpp" />
		<Unit filename="src/Missiles.hpp" />
		<Unit filename="src/SettingsWidget.cpp" />
		<Unit filename="src/SettingsWidget.hpp" />
		<Extensions>
			<code_completion />
			<debugger />
			<envvars />
		</Extensions>
	</Project>
</CodeBlocks_project_file>
